
Microsoft Visual Studio Solution File, Format Version 12.00
# Visual Studio Version 17
VisualStudioVersion = 17.11.35222.181
MinimumVisualStudioVersion = 10.0.40219.1
Project("{FAE04EC0-301F-11D3-BF4B-00C04F79EFBC}") = "Financeiro.Core", "Financeiro.Core\Financeiro.Core.csproj", "{42543B8D-56BB-453E-ACFD-6667878CAB0B}"
EndProject
Global
	GlobalSection(SolutionConfigurationPlatforms) = preSolution
		Debug|Any CPU = Debug|Any CPU
		Release|Any CPU = Release|Any CPU
	EndGlobalSection
	GlobalSection(ProjectConfigurationPlatforms) = postSolution
		{42543B8D-56BB-453E-ACFD-6667878CAB0B}.Debug|Any CPU.ActiveCfg = Debug|Any CPU
		{42543B8D-56BB-453E-ACFD-6667878CAB0B}.Debug|Any CPU.Build.0 = Debug|Any CPU
		{42543B8D-56BB-453E-ACFD-6667878CAB0B}.Release|Any CPU.ActiveCfg = Release|Any CPU
		{42543B8D-56BB-453E-ACFD-6667878CAB0B}.Release|Any CPU.Build.0 = Release|Any CPU
	EndGlobalSection
	GlobalSection(SolutionProperties) = preSolution
		HideSolutionNode = FALSE
	EndGlobalSection
	GlobalSection(ExtensibilityGlobals) = postSolution
		SolutionGuid = {35242253-01BF-4A1F-AFF2-7A127AB92D53}
	EndGlobalSection
EndGlobal
